
Microsoft Visual Studio Solution File, Format Version 12.00
# Visual Studio Express 2012 for Windows Desktop
Project("{FAE04EC0-301F-11D3-BF4B-00C04F79EFBC}") = "FinalMetaheuristica", "FinalMetaheuristica\FinalMetaheuristica.csproj", "{27B6B337-9CB7-4E30-BB7C-8F0B2E780EAF}"
EndProject
Project("{FAE04EC0-301F-11D3-BF4B-00C04F79EFBC}") = "GeneticAlgorithm", "GeneticAlgorithm\GeneticAlgorithm.csproj", "{129F153E-4687-4783-ACF3-ECFDC11534B3}"
EndProject
Project("{FAE04EC0-301F-11D3-BF4B-00C04F79EFBC}") = "GenerateRulesGeneticAlgorithm", "GenerateRulesGeneticAlgorithm\GenerateRulesGeneticAlgorithm.csproj", "{D8DD5C8A-AFA4-4629-AEE2-3DFA66388D59}"
EndProject
Global
	GlobalSection(SolutionConfigurationPlatforms) = preSolution
		Debug|Any CPU = Debug|Any CPU
		Release|Any CPU = Release|Any CPU
	EndGlobalSection
	GlobalSection(ProjectConfigurationPlatforms) = postSolution
		{27B6B337-9CB7-4E30-BB7C-8F0B2E780EAF}.Debug|Any CPU.ActiveCfg = Debug|Any CPU
		{27B6B337-9CB7-4E30-BB7C-8F0B2E780EAF}.Debug|Any CPU.Build.0 = Debug|Any CPU
		{27B6B337-9CB7-4E30-BB7C-8F0B2E780EAF}.Release|Any CPU.ActiveCfg = Release|Any CPU
		{27B6B337-9CB7-4E30-BB7C-8F0B2E780EAF}.Release|Any CPU.Build.0 = Release|Any CPU
		{129F153E-4687-4783-ACF3-ECFDC11534B3}.Debug|Any CPU.ActiveCfg = Debug|Any CPU
		{129F153E-4687-4783-ACF3-ECFDC11534B3}.Debug|Any CPU.Build.0 = Debug|Any CPU
		{129F153E-4687-4783-ACF3-ECFDC11534B3}.Release|Any CPU.ActiveCfg = Release|Any CPU
		{129F153E-4687-4783-ACF3-ECFDC11534B3}.Release|Any CPU.Build.0 = Release|Any CPU
		{D8DD5C8A-AFA4-4629-AEE2-3DFA66388D59}.Debug|Any CPU.ActiveCfg = Debug|Any CPU
		{D8DD5C8A-AFA4-4629-AEE2-3DFA66388D59}.Debug|Any CPU.Build.0 = Debug|Any CPU
		{D8DD5C8A-AFA4-4629-AEE2-3DFA66388D59}.Release|Any CPU.ActiveCfg = Release|Any CPU
		{D8DD5C8A-AFA4-4629-AEE2-3DFA66388D59}.Release|Any CPU.Build.0 = Release|Any CPU
	EndGlobalSection
	GlobalSection(SolutionProperties) = preSolution
		HideSolutionNode = FALSE
	EndGlobalSection
EndGlobal
